PODS:
  - Google-Mobile-Ads-SDK (7.30.0)
  - ReactiveCocoa (7.1.0):
    - ReactiveSwift (~> 3.1)
  - ReactiveObjC (3.1.0)
  - ReactiveSwift (3.1.0):
    - Result (~> 3.2)
  - Result (3.2.4)
  - Shimmer (1.0.2)
  - TapjoySDK (11.11.1)
  - WSProgressHUD (1.1.3):
    - Shimmer

DEPENDENCIES:
  - Google-Mobile-Ads-SDK
  - ReactiveCocoa
  - ReactiveObjC
  - TapjoySDK
  - WSProgressHUD

SPEC CHECKSUMS:
  Google-Mobile-Ads-SDK: 7404f68120ae8682afeb5af001fbf4aad731c78e
  ReactiveCocoa: 105ad96f6b8711f1ee7d165fc96587479298053b
  ReactiveObjC: 2a38ea15335de4119d8b17caf1db1484f61db902
  ReactiveSwift: 5b26d2e988fe0eed2daf48c4054d1de74db50184
  Result: d2d07204ce72856f1fd9130bbe42c35a7b0fea10
  Shimmer: c5374be1c2b0c9e292fb05b339a513cf291cac86
  TapjoySDK: 55b624c62f4494c6c38cb4ee92bacfd3bb5bdd6c
  WSProgressHUD: a0902809c8af112fb34b004fdc75c16eb85167a3

PODFILE CHECKSUM: d86a956c9516b16fd3293c2dea116bda7575d8e5

COCOAPODS: 1.3.1
